
Microsoft Visual Studio Solution File, Format Version 12.00
# Visual Studio 2012
Project("{FAE04EC0-301F-11D3-BF4B-00C04F79EFBC}") = "Simple.IoC", "Simple.IoC\Simple.IoC.csproj", "{921BC4E9-4B93-45B4-A705-6586B06A4D82}"
EndProject
Project("{FAE04EC0-301F-11D3-BF4B-00C04F79EFBC}") = "Simple.IoC.Tests", "Simple.IoC.Tests\Simple.IoC.Tests.csproj", "{CB446946-F33F-4544-A694-96ADCBA42FA0}"
EndProject
Global
	GlobalSection(SolutionConfigurationPlatforms) = preSolution
		Debug|Any CPU = Debug|Any CPU
		Release|Any CPU = Release|Any CPU
	EndGlobalSection
	GlobalSection(ProjectConfigurationPlatforms) = postSolution
		{921BC4E9-4B93-45B4-A705-6586B06A4D82}.Debug|Any CPU.ActiveCfg = Debug|Any CPU
		{921BC4E9-4B93-45B4-A705-6586B06A4D82}.Debug|Any CPU.Build.0 = Debug|Any CPU
		{921BC4E9-4B93-45B4-A705-6586B06A4D82}.Release|Any CPU.ActiveCfg = Release|Any CPU
		{921BC4E9-4B93-45B4-A705-6586B06A4D82}.Release|Any CPU.Build.0 = Release|Any CPU
		{CB446946-F33F-4544-A694-96ADCBA42FA0}.Debug|Any CPU.ActiveCfg = Debug|Any CPU
		{CB446946-F33F-4544-A694-96ADCBA42FA0}.Debug|Any CPU.Build.0 = Debug|Any CPU
		{CB446946-F33F-4544-A694-96ADCBA42FA0}.Release|Any CPU.ActiveCfg = Release|Any CPU
		{CB446946-F33F-4544-A694-96ADCBA42FA0}.Release|Any CPU.Build.0 = Release|Any CPU
	EndGlobalSection
	GlobalSection(SolutionProperties) = preSolution
		HideSolutionNode = FALSE
	EndGlobalSection
EndGlobal
